
Microsoft Visual Studio Solution File, Format Version 12.00
Project("{FAE04EC0-301F-11D3-BF4B-00C04F79EFBC}") = "OneButtonGame-ClickerGame", "OneButtonGame-ClickerGame\OneButtonGame-ClickerGame.csproj", "{90603A64-90E5-485A-A257-052FC517BF9E}"
EndProject
Project("{FAE04EC0-301F-11D3-BF4B-00C04F79EFBC}") = "MonoGameLibrary", "MonoGameLibrary\MonoGameLibrary.csproj", "{5730A429-BCD0-4059-9477-1301FA3D569E}"
EndProject
Global
	GlobalSection(SolutionConfigurationPlatforms) = preSolution
		Debug|Any CPU = Debug|Any CPU
		Release|Any CPU = Release|Any CPU
	EndGlobalSection
	GlobalSection(ProjectConfigurationPlatforms) = postSolution
		{90603A64-90E5-485A-A257-052FC517BF9E}.Debug|Any CPU.ActiveCfg = Debug|Any CPU
		{90603A64-90E5-485A-A257-052FC517BF9E}.Debug|Any CPU.Build.0 = Debug|Any CPU
		{90603A64-90E5-485A-A257-052FC517BF9E}.Release|Any CPU.ActiveCfg = Release|Any CPU
		{90603A64-90E5-485A-A257-052FC517BF9E}.Release|Any CPU.Build.0 = Release|Any CPU
		{5730A429-BCD0-4059-9477-1301FA3D569E}.Debug|Any CPU.ActiveCfg = Debug|Any CPU
		{5730A429-BCD0-4059-9477-1301FA3D569E}.Debug|Any CPU.Build.0 = Debug|Any CPU
		{5730A429-BCD0-4059-9477-1301FA3D569E}.Release|Any CPU.ActiveCfg = Release|Any CPU
		{5730A429-BCD0-4059-9477-1301FA3D569E}.Release|Any CPU.Build.0 = Release|Any CPU
	EndGlobalSection
EndGlobal
